
Microsoft Visual Studio Solution File, Format Version 12.00
# Visual Studio Version 17
VisualStudioVersion = 17.10.35013.160
MinimumVisualStudioVersion = 10.0.40219.1
Project("{9A19103F-16F7-4668-BE54-9A1E7A4F7556}") = "Web", "Web\Web.csproj", "{CA25592A-9D8C-4CD5-9420-54CF6E1E545F}"
EndProject
Project("{9A19103F-16F7-4668-BE54-9A1E7A4F7556}") = "Desktop", "Desktop\Desktop.csproj", "{9CFBEFFC-40BC-4659-908F-08AB3F17E701}"
EndProject
Project("{FAE04EC0-301F-11D3-BF4B-00C04F79EFBC}") = "WebTest", "WebTest\WebTest.csproj", "{3DC762E5-2447-4A74-ACAC-48E1AE8788D7}"
EndProject
Global
	GlobalSection(SolutionConfigurationPlatforms) = preSolution
		Debug|Any CPU = Debug|Any CPU
		Release|Any CPU = Release|Any CPU
	EndGlobalSection
	GlobalSection(ProjectConfigurationPlatforms) = postSolution
		{CA25592A-9D8C-4CD5-9420-54CF6E1E545F}.Debug|Any CPU.ActiveCfg = Debug|Any CPU
		{CA25592A-9D8C-4CD5-9420-54CF6E1E545F}.Debug|Any CPU.Build.0 = Debug|Any CPU
		{CA25592A-9D8C-4CD5-9420-54CF6E1E545F}.Release|Any CPU.ActiveCfg = Release|Any CPU
		{CA25592A-9D8C-4CD5-9420-54CF6E1E545F}.Release|Any CPU.Build.0 = Release|Any CPU
		{9CFBEFFC-40BC-4659-908F-08AB3F17E701}.Debug|Any CPU.ActiveCfg = Debug|Any CPU
		{9CFBEFFC-40BC-4659-908F-08AB3F17E701}.Debug|Any CPU.Build.0 = Debug|Any CPU
		{9CFBEFFC-40BC-4659-908F-08AB3F17E701}.Release|Any CPU.ActiveCfg = Release|Any CPU
		{9CFBEFFC-40BC-4659-908F-08AB3F17E701}.Release|Any CPU.Build.0 = Release|Any CPU
		{3DC762E5-2447-4A74-ACAC-48E1AE8788D7}.Debug|Any CPU.ActiveCfg = Debug|Any CPU
		{3DC762E5-2447-4A74-ACAC-48E1AE8788D7}.Debug|Any CPU.Build.0 = Debug|Any CPU
		{3DC762E5-2447-4A74-ACAC-48E1AE8788D7}.Release|Any CPU.ActiveCfg = Release|Any CPU
		{3DC762E5-2447-4A74-ACAC-48E1AE8788D7}.Release|Any CPU.Build.0 = Release|Any CPU
	EndGlobalSection
	GlobalSection(SolutionProperties) = preSolution
		HideSolutionNode = FALSE
	EndGlobalSection
	GlobalSection(ExtensibilityGlobals) = postSolution
		SolutionGuid = {F0638901-ECCC-4EF0-A9AB-F597EEBAC1B9}
	EndGlobalSection
EndGlobal
